
Microsoft Visual Studio Solution File, Format Version 12.00
# Visual Studio Version 16
VisualStudioVersion = 16.0.28803.452
MinimumVisualStudioVersion = 10.0.40219.1
Project("{FAE04EC0-301F-11D3-BF4B-00C04F79EFBC}") = "WiFi QR Code Scanner PRO", "WiFi QR Code Scanner PRO\WiFi QR Code Scanner PRO.csproj", "{E2552105-1EC6-4388-A038-6DDAB7D7C14F}"
EndProject
Project("{FAE04EC0-301F-11D3-BF4B-00C04F79EFBC}") = "FullTrust", "FullTrust\FullTrust.csproj", "{139ED5CB-D2C1-4611-B382-70B9704CF319}"
EndProject
Project("{C7167F0D-BC9F-4E6E-AFE1-012C56B48DB5}") = "Package", "Package\Package.wapproj", "{8B880CD0-CF87-471F-AD0C-71A13CCC8AAC}"
EndProject
Global
	GlobalSection(SolutionConfigurationPlatforms) = preSolution
		Debug|Any CPU = Debug|Any CPU
		Debug|ARM = Debug|ARM
		Debug|ARM64 = Debug|ARM64
		Debug|x64 = Debug|x64
		Debug|x86 = Debug|x86
		Release|Any CPU = Release|Any CPU
		Release|ARM = Release|ARM
		Release|ARM64 = Release|ARM64
		Release|x64 = Release|x64
		Release|x86 = Release|x86
	EndGlobalSection
	GlobalSection(ProjectConfigurationPlatforms) = postSolution
		{E2552105-1EC6-4388-A038-6DDAB7D7C14F}.Debug|Any CPU.ActiveCfg = Debug|x86
		{E2552105-1EC6-4388-A038-6DDAB7D7C14F}.Debug|Any CPU.Build.0 = Debug|x86
		{E2552105-1EC6-4388-A038-6DDAB7D7C14F}.Debug|ARM.ActiveCfg = Debug|ARM
		{E2552105-1EC6-4388-A038-6DDAB7D7C14F}.Debug|ARM.Build.0 = Debug|ARM
		{E2552105-1EC6-4388-A038-6DDAB7D7C14F}.Debug|ARM64.ActiveCfg = Debug|ARM64
		{E2552105-1EC6-4388-A038-6DDAB7D7C14F}.Debug|ARM64.Build.0 = Debug|ARM64
		{E2552105-1EC6-4388-A038-6DDAB7D7C14F}.Debug|x64.ActiveCfg = Debug|x64
		{E2552105-1EC6-4388-A038-6DDAB7D7C14F}.Debug|x64.Build.0 = Debug|x64
		{E2552105-1EC6-4388-A038-6DDAB7D7C14F}.Debug|x86.ActiveCfg = Debug|x86
		{E2552105-1EC6-4388-A038-6DDAB7D7C14F}.Debug|x86.Build.0 = Debug|x86
		{E2552105-1EC6-4388-A038-6DDAB7D7C14F}.Release|Any CPU.ActiveCfg = Release|x86
		{E2552105-1EC6-4388-A038-6DDAB7D7C14F}.Release|Any CPU.Build.0 = Release|x86
		{E2552105-1EC6-4388-A038-6DDAB7D7C14F}.Release|ARM.ActiveCfg = Release|ARM
		{E2552105-1EC6-4388-A038-6DDAB7D7C14F}.Release|ARM.Build.0 = Release|ARM
		{E2552105-1EC6-4388-A038-6DDAB7D7C14F}.Release|ARM64.ActiveCfg = Release|ARM64
		{E2552105-1EC6-4388-A038-6DDAB7D7C14F}.Release|ARM64.Build.0 = Release|ARM64
		{E2552105-1EC6-4388-A038-6DDAB7D7C14F}.Release|x64.ActiveCfg = Release|x64
		{E2552105-1EC6-4388-A038-6DDAB7D7C14F}.Release|x64.Build.0 = Release|x64
		{E2552105-1EC6-4388-A038-6DDAB7D7C14F}.Release|x86.ActiveCfg = Release|x86
		{E2552105-1EC6-4388-A038-6DDAB7D7C14F}.Release|x86.Build.0 = Release|x86
		{139ED5CB-D2C1-4611-B382-70B9704CF319}.Debug|Any CPU.ActiveCfg = Debug|Any CPU
		{139ED5CB-D2C1-4611-B382-70B9704CF319}.Debug|Any CPU.Build.0 = Debug|Any CPU
		{139ED5CB-D2C1-4611-B382-70B9704CF319}.Debug|ARM.ActiveCfg = Debug|Any CPU
		{139ED5CB-D2C1-4611-B382-70B9704CF319}.Debug|ARM.Build.0 = Debug|Any CPU
		{139ED5CB-D2C1-4611-B382-70B9704CF319}.Debug|ARM64.ActiveCfg = Debug|Any CPU
		{139ED5CB-D2C1-4611-B382-70B9704CF319}.Debug|ARM64.Build.0 = Debug|Any CPU
		{139ED5CB-D2C1-4611-B382-70B9704CF319}.Debug|x64.ActiveCfg = Debug|Any CPU
		{139ED5CB-D2C1-4611-B382-70B9704CF319}.Debug|x64.Build.0 = Debug|Any CPU
		{139ED5CB-D2C1-4611-B382-70B9704CF319}.Debug|x86.ActiveCfg = Debug|Any CPU
		{139ED5CB-D2C1-4611-B382-70B9704CF319}.Debug|x86.Build.0 = Debug|Any CPU
		{139ED5CB-D2C1-4611-B382-70B9704CF319}.Release|Any CPU.ActiveCfg = Release|Any CPU
		{139ED5CB-D2C1-4611-B382-70B9704CF319}.Release|Any CPU.Build.0 = Release|Any CPU
		{139ED5CB-D2C1-4611-B382-70B9704CF319}.Release|ARM.ActiveCfg = Release|Any CPU
		{139ED5CB-D2C1-4611-B382-70B9704CF319}.Release|ARM.Build.0 = Release|Any CPU
		{139ED5CB-D2C1-4611-B382-70B9704CF319}.Release|ARM64.ActiveCfg = Release|Any CPU
		{139ED5CB-D2C1-4611-B382-70B9704CF319}.Release|ARM64.Build.0 = Release|Any CPU
		{139ED5CB-D2C1-4611-B382-70B9704CF319}.Release|x64.ActiveCfg = Release|Any CPU
		{139ED5CB-D2C1-4611-B382-70B9704CF319}.Release|x64.Build.0 = Release|Any CPU
		{139ED5CB-D2C1-4611-B382-70B9704CF319}.Release|x86.ActiveCfg = Release|Any CPU
		{139ED5CB-D2C1-4611-B382-70B9704CF319}.Release|x86.Build.0 = Release|Any CPU
		{8B880CD0-CF87-471F-AD0C-71A13CCC8AAC}.Debug|Any CPU.ActiveCfg = Debug|Any CPU
		{8B880CD0-CF87-471F-AD0C-71A13CCC8AAC}.Debug|Any CPU.Build.0 = Debug|Any CPU
		{8B880CD0-CF87-471F-AD0C-71A13CCC8AAC}.Debug|Any CPU.Deploy.0 = Debug|Any CPU
		{8B880CD0-CF87-471F-AD0C-71A13CCC8AAC}.Debug|ARM.ActiveCfg = Debug|ARM
		{8B880CD0-CF87-471F-AD0C-71A13CCC8AAC}.Debug|ARM.Build.0 = Debug|ARM
		{8B880CD0-CF87-471F-AD0C-71A13CCC8AAC}.Debug|ARM.Deploy.0 = Debug|ARM
		{8B880CD0-CF87-471F-AD0C-71A13CCC8AAC}.Debug|ARM64.ActiveCfg = Debug|ARM64
		{8B880CD0-CF87-471F-AD0C-71A13CCC8AAC}.Debug|ARM64.Build.0 = Debug|ARM64
		{8B880CD0-CF87-471F-AD0C-71A13CCC8AAC}.Debug|ARM64.Deploy.0 = Debug|ARM64
		{8B880CD0-CF87-471F-AD0C-71A13CCC8AAC}.Debug|x64.ActiveCfg = Debug|x64
		{8B880CD0-CF87-471F-AD0C-71A13CCC8AAC}.Debug|x64.Build.0 = Debug|x64
		{8B880CD0-CF87-471F-AD0C-71A13CCC8AAC}.Debug|x64.Deploy.0 = Debug|x64
		{8B880CD0-CF87-471F-AD0C-71A13CCC8AAC}.Debug|x86.ActiveCfg = Debug|x86
		{8B880CD0-CF87-471F-AD0C-71A13CCC8AAC}.Debug|x86.Build.0 = Debug|x86
		{8B880CD0-CF87-471F-AD0C-71A13CCC8AAC}.Debug|x86.Deploy.0 = Debug|x86
		{8B880CD0-CF87-471F-AD0C-71A13CCC8AAC}.Release|Any CPU.ActiveCfg = Release|Any CPU
		{8B880CD0-CF87-471F-AD0C-71A13CCC8AAC}.Release|Any CPU.Build.0 = Release|Any CPU
		{8B880CD0-CF87-471F-AD0C-71A13CCC8AAC}.Release|Any CPU.Deploy.0 = Release|Any CPU
		{8B880CD0-CF87-471F-AD0C-71A13CCC8AAC}.Release|ARM.ActiveCfg = Release|ARM
		{8B880CD0-CF87-471F-AD0C-71A13CCC8AAC}.Release|ARM.Build.0 = Release|ARM
		{8B880CD0-CF87-471F-AD0C-71A13CCC8AAC}.Release|ARM.Deploy.0 = Release|ARM
		{8B880CD0-CF87-471F-AD0C-71A13CCC8AAC}.Release|ARM64.ActiveCfg = Release|ARM64
		{8B880CD0-CF87-471F-AD0C-71A13CCC8AAC}.Release|ARM64.Build.0 = Release|ARM64
		{8B880CD0-CF87-471F-AD0C-71A13CCC8AAC}.Release|ARM64.Deploy.0 = Release|ARM64
		{8B880CD0-CF87-471F-AD0C-71A13CCC8AAC}.Release|x64.ActiveCfg = Release|x64
		{8B880CD0-CF87-471F-AD0C-71A13CCC8AAC}.Release|x64.Build.0 = Release|x64
		{8B880CD0-CF87-471F-AD0C-71A13CCC8AAC}.Release|x64.Deploy.0 = Release|x64
		{8B880CD0-CF87-471F-AD0C-71A13CCC8AAC}.Release|x86.ActiveCfg = Release|x86
		{8B880CD0-CF87-471F-AD0C-71A13CCC8AAC}.Release|x86.Build.0 = Release|x86
		{8B880CD0-CF87-471F-AD0C-71A13CCC8AAC}.Release|x86.Deploy.0 = Release|x86
	EndGlobalSection
	GlobalSection(SolutionProperties) = preSolution
		HideSolutionNode = FALSE
	EndGlobalSection
	GlobalSection(ExtensibilityGlobals) = postSolution
		SolutionGuid = {D1A9207A-071C-438E-BC91-728147115790}
	EndGlobalSection
EndGlobal
